
Microsoft Visual Studio Solution File, Format Version 12.00
# Visual Studio Version 17
VisualStudioVersion = 17.2.32616.157
MinimumVisualStudioVersion = 10.0.40219.1
Project("{FAE04EC0-301F-11D3-BF4B-00C04F79EFBC}") = "ejemplo1", "ejemplo1\ejemplo1.csproj", "{4A9DA6C2-847D-4050-8525-0BB392AAC7F6}"
EndProject
Global
	GlobalSection(SolutionConfigurationPlatforms) = preSolution
		Debug|Any CPU = Debug|Any CPU
		Release|Any CPU = Release|Any CPU
	EndGlobalSection
	GlobalSection(ProjectConfigurationPlatforms) = postSolution
		{4A9DA6C2-847D-4050-8525-0BB392AAC7F6}.Debug|Any CPU.ActiveCfg = Debug|Any CPU
		{4A9DA6C2-847D-4050-8525-0BB392AAC7F6}.Debug|Any CPU.Build.0 = Debug|Any CPU
		{4A9DA6C2-847D-4050-8525-0BB392AAC7F6}.Release|Any CPU.ActiveCfg = Release|Any CPU
		{4A9DA6C2-847D-4050-8525-0BB392AAC7F6}.Release|Any CPU.Build.0 = Release|Any CPU
	EndGlobalSection
	GlobalSection(SolutionProperties) = preSolution
		HideSolutionNode = FALSE
	EndGlobalSection
	GlobalSection(ExtensibilityGlobals) = postSolution
		SolutionGuid = {A703E80B-8A5A-489B-B2FD-8D62434A96D0}
	EndGlobalSection
EndGlobal
